
Microsoft Visual Studio Solution File, Format Version 12.00
# Visual Studio Version 17
VisualStudioVersion = 17.3.32929.385
MinimumVisualStudioVersion = 10.0.40219.1
Project("{FAE04EC0-301F-11D3-BF4B-00C04F79EFBC}") = "ASP_4_!", "ASP_4_!\ASP_4_!.csproj", "{A2C03430-7E1E-4E16-9993-179419002A16}"
EndProject
Global
	GlobalSection(SolutionConfigurationPlatforms) = preSolution
		Debug|Any CPU = Debug|Any CPU
		Release|Any CPU = Release|Any CPU
	EndGlobalSection
	GlobalSection(ProjectConfigurationPlatforms) = postSolution
		{A2C03430-7E1E-4E16-9993-179419002A16}.Debug|Any CPU.ActiveCfg = Debug|Any CPU
		{A2C03430-7E1E-4E16-9993-179419002A16}.Debug|Any CPU.Build.0 = Debug|Any CPU
		{A2C03430-7E1E-4E16-9993-179419002A16}.Release|Any CPU.ActiveCfg = Release|Any CPU
		{A2C03430-7E1E-4E16-9993-179419002A16}.Release|Any CPU.Build.0 = Release|Any CPU
	EndGlobalSection
	GlobalSection(SolutionProperties) = preSolution
		HideSolutionNode = FALSE
	EndGlobalSection
	GlobalSection(ExtensibilityGlobals) = postSolution
		SolutionGuid = {02D67684-57C8-4F71-ABDB-FE9F089705C7}
	EndGlobalSection
EndGlobal
